
Microsoft Visual Studio Solution File, Format Version 12.00
# Visual Studio Version 17
VisualStudioVersion = 17.4.33213.308
MinimumVisualStudioVersion = 10.0.40219.1
Project("{FAE04EC0-301F-11D3-BF4B-00C04F79EFBC}") = "20232907_While", "20232907_While\20232907_While.csproj", "{DEBA8407-5265-4003-9772-31F494CB84DB}"
EndProject
Global
	GlobalSection(SolutionConfigurationPlatforms) = preSolution
		Debug|Any CPU = Debug|Any CPU
		Release|Any CPU = Release|Any CPU
	EndGlobalSection
	GlobalSection(ProjectConfigurationPlatforms) = postSolution
		{DEBA8407-5265-4003-9772-31F494CB84DB}.Debug|Any CPU.ActiveCfg = Debug|Any CPU
		{DEBA8407-5265-4003-9772-31F494CB84DB}.Debug|Any CPU.Build.0 = Debug|Any CPU
		{DEBA8407-5265-4003-9772-31F494CB84DB}.Release|Any CPU.ActiveCfg = Release|Any CPU
		{DEBA8407-5265-4003-9772-31F494CB84DB}.Release|Any CPU.Build.0 = Release|Any CPU
	EndGlobalSection
	GlobalSection(SolutionProperties) = preSolution
		HideSolutionNode = FALSE
	EndGlobalSection
	GlobalSection(ExtensibilityGlobals) = postSolution
		SolutionGuid = {FB3EC989-94AA-4173-A1BB-A420377B5EEA}
	EndGlobalSection
EndGlobal
